
Microsoft Visual Studio Solution File, Format Version 12.00
# Visual Studio 15
VisualStudioVersion = 15.0.28010.2046
MinimumVisualStudioVersion = 10.0.40219.1
Project("{FAE04EC0-301F-11D3-BF4B-00C04F79EFBC}") = "QTS.Strategy", "QTS.Strategy\QTS.Strategy.csproj", "{DB842103-1E89-46F9-AFF8-82946F0C8F48}"
EndProject
Global
	GlobalSection(SolutionConfigurationPlatforms) = preSolution
		Debug|Any CPU = Debug|Any CPU
		Release|Any CPU = Release|Any CPU
	EndGlobalSection
	GlobalSection(ProjectConfigurationPlatforms) = postSolution
		{DB842103-1E89-46F9-AFF8-82946F0C8F48}.Debug|Any CPU.ActiveCfg = Debug|Any CPU
		{DB842103-1E89-46F9-AFF8-82946F0C8F48}.Debug|Any CPU.Build.0 = Debug|Any CPU
		{DB842103-1E89-46F9-AFF8-82946F0C8F48}.Release|Any CPU.ActiveCfg = Release|Any CPU
		{DB842103-1E89-46F9-AFF8-82946F0C8F48}.Release|Any CPU.Build.0 = Release|Any CPU
	EndGlobalSection
	GlobalSection(SolutionProperties) = preSolution
		HideSolutionNode = FALSE
	EndGlobalSection
	GlobalSection(ExtensibilityGlobals) = postSolution
		SolutionGuid = {27350F34-C1A7-49AE-A61D-021CE271F15E}
	EndGlobalSection
EndGlobal
